// !$*UTF8*$!
{
	archiveVersion = 1;
	classes = {
	};
	objectVersion = 50;
	objects = {

/* Begin PBXBuildFile section */
		662EFB8121B8EBE000BB965D /* WorkoutModeController.swift in Sources */ = {isa = PBXBuildFile; fileRef = 662EFB8021B8EBE000BB965D /* WorkoutModeController.swift */; };
		662EFB8321B8EDD300BB965D /* SelectionListController.swift in Sources */ = {isa = PBXBuildFile; fileRef = 662EFB8221B8EDD300BB965D /* SelectionListController.swift */; };
		662EFB8521B8F47300BB965D /* IconCell.swift in Sources */ = {isa = PBXBuildFile; fileRef = 662EFB8421B8F47300BB965D /* IconCell.swift */; };
		662EFB8921B8FACD00BB965D /* ChooseIconPageController.swift in Sources */ = {isa = PBXBuildFile; fileRef = 662EFB8821B8FACD00BB965D /* ChooseIconPageController.swift */; };
		665DD23521AA6E01001F6EF4 /* AppDelegate.swift in Sources */ = {isa = PBXBuildFile; fileRef = 665DD23421AA6E01001F6EF4 /* AppDelegate.swift */; };
		665DD23A21AA6E01001F6EF4 /* Main.storyboard in Resources */ = {isa = PBXBuildFile; fileRef = 665DD23821AA6E01001F6EF4 /* Main.storyboard */; };
		665DD23D21AA6E01001F6EF4 /* Workout_Secretary.xcdatamodeld in Sources */ = {isa = PBXBuildFile; fileRef = 665DD23B21AA6E01001F6EF4 /* Workout_Secretary.xcdatamodeld */; };
		665DD23F21AA6E04001F6EF4 /* Assets.xcassets in Resources */ = {isa = PBXBuildFile; fileRef = 665DD23E21AA6E04001F6EF4 /* Assets.xcassets */; };
		665DD24221AA6E04001F6EF4 /* LaunchScreen.storyboard in Resources */ = {isa = PBXBuildFile; fileRef = 665DD24021AA6E04001F6EF4 /* LaunchScreen.storyboard */; };
		665DD24C21AA7105001F6EF4 /* TabBarController.swift in Sources */ = {isa = PBXBuildFile; fileRef = 665DD24B21AA7105001F6EF4 /* TabBarController.swift */; };
		665DD24E21AA71F4001F6EF4 /* WorkoutPageController.swift in Sources */ = {isa = PBXBuildFile; fileRef = 665DD24D21AA71F4001F6EF4 /* WorkoutPageController.swift */; };
		665DD25221AA726F001F6EF4 /* ThirdPageController.swift in Sources */ = {isa = PBXBuildFile; fileRef = 665DD25121AA726F001F6EF4 /* ThirdPageController.swift */; };
		665DD25421AA727D001F6EF4 /* FourthPageViewController.swift in Sources */ = {isa = PBXBuildFile; fileRef = 665DD25321AA727D001F6EF4 /* FourthPageViewController.swift */; };
		665DD25C21AA7DFD001F6EF4 /* SetPageController.swift in Sources */ = {isa = PBXBuildFile; fileRef = 665DD25B21AA7DFD001F6EF4 /* SetPageController.swift */; };
		665DD25E21AA7F2D001F6EF4 /* SetCell.swift in Sources */ = {isa = PBXBuildFile; fileRef = 665DD25D21AA7F2D001F6EF4 /* SetCell.swift */; };
		665DD26321AAA8A5001F6EF4 /* AddSetCell.swift in Sources */ = {isa = PBXBuildFile; fileRef = 665DD26221AAA8A5001F6EF4 /* AddSetCell.swift */; };
		665DD26521AB6DF3001F6EF4 /* CreateSetPageController.swift in Sources */ = {isa = PBXBuildFile; fileRef = 665DD26421AB6DF3001F6EF4 /* CreateSetPageController.swift */; };
		665DD26721AB80B7001F6EF4 /* SetTitleCell.swift in Sources */ = {isa = PBXBuildFile; fileRef = 665DD26621AB80B7001F6EF4 /* SetTitleCell.swift */; };
		665DD26921AB8750001F6EF4 /* GlobalVar.swift in Sources */ = {isa = PBXBuildFile; fileRef = 665DD26821AB8750001F6EF4 /* GlobalVar.swift */; };
		EDAB9418039B54BA70E763F2 /* Pods_Workout_Secretary.framework in Frameworks */ = {isa = PBXBuildFile; fileRef = DEA7D39B23C0BB1582FA1569 /* Pods_Workout_Secretary.framework */; };
/* End PBXBuildFile section */

/* Begin PBXFileReference section */
		662EFB8021B8EBE000BB965D /* WorkoutModeController.swift */ = {isa = PBXFileReference; lastKnownFileType = sourcecode.swift; path = WorkoutModeController.swift; sourceTree = "<group>"; };
		662EFB8221B8EDD300BB965D /* SelectionListController.swift */ = {isa = PBXFileReference; lastKnownFileType = sourcecode.swift; path = SelectionListController.swift; sourceTree = "<group>"; };
		662EFB8421B8F47300BB965D /* IconCell.swift */ = {isa = PBXFileReference; lastKnownFileType = sourcecode.swift; path = IconCell.swift; sourceTree = "<group>"; };
		662EFB8821B8FACD00BB965D /* ChooseIconPageController.swift */ = {isa = PBXFileReference; lastKnownFileType = sourcecode.swift; path = ChooseIconPageController.swift; sourceTree = "<group>"; };
		665DD23121AA6E01001F6EF4 /* Workout Secretary.app */ = {isa = PBXFileReference; explicitFileType = wrapper.application; includeInIndex = 0; path = "Workout Secretary.app"; sourceTree = BUILT_PRODUCTS_DIR; };
		665DD23421AA6E01001F6EF4 /* AppDelegate.swift */ = {isa = PBXFileReference; lastKnownFileType = sourcecode.swift; path = AppDelegate.swift; sourceTree = "<group>"; };
		665DD23921AA6E01001F6EF4 /* Base */ = {isa = PBXFileReference; lastKnownFileType = file.storyboard; name = Base; path = Base.lproj/Main.storyboard; sourceTree = "<group>"; };
		665DD23C21AA6E01001F6EF4 /* Workout_Secretary.xcdatamodel */ = {isa = PBXFileReference; lastKnownFileType = wrapper.xcdatamodel; path = Workout_Secretary.xcdatamodel; sourceTree = "<group>"; };
		665DD23E21AA6E04001F6EF4 /* Assets.xcassets */ = {isa = PBXFileReference; lastKnownFileType = folder.assetcatalog; path = Assets.xcassets; sourceTree = "<group>"; };
		665DD24121AA6E04001F6EF4 /* Base */ = {isa = PBXFileReference; lastKnownFileType = file.storyboard; name = Base; path = Base.lproj/LaunchScreen.storyboard; sourceTree = "<group>"; };
		665DD24321AA6E04001F6EF4 /* Info.plist */ = {isa = PBXFileReference; lastKnownFileType = text.plist.xml; path = Info.plist; sourceTree = "<group>"; };
		665DD24B21AA7105001F6EF4 /* TabBarController.swift */ = {isa = PBXFileReference; lastKnownFileType = sourcecode.swift; path = TabBarController.swift; sourceTree = "<group>"; };
		665DD24D21AA71F4001F6EF4 /* WorkoutPageController.swift */ = {isa = PBXFileReference; lastKnownFileType = sourcecode.swift; path = WorkoutPageController.swift; sourceTree = "<group>"; };
		665DD25121AA726F001F6EF4 /* ThirdPageController.swift */ = {isa = PBXFileReference; lastKnownFileType = sourcecode.swift; path = ThirdPageController.swift; sourceTree = "<group>"; };
		665DD25321AA727D001F6EF4 /* FourthPageViewController.swift */ = {isa = PBXFileReference; lastKnownFileType = sourcecode.swift; path = FourthPageViewController.swift; sourceTree = "<group>"; };
		665DD25B21AA7DFD001F6EF4 /* SetPageController.swift */ = {isa = PBXFileReference; lastKnownFileType = sourcecode.swift; path = SetPageController.swift; sourceTree = "<group>"; };
		665DD25D21AA7F2D001F6EF4 /* SetCell.swift */ = {isa = PBXFileReference; lastKnownFileType = sourcecode.swift; path = SetCell.swift; sourceTree = "<group>"; };
		665DD26221AAA8A5001F6EF4 /* AddSetCell.swift */ = {isa = PBXFileReference; lastKnownFileType = sourcecode.swift; path = AddSetCell.swift; sourceTree = "<group>"; };
		665DD26421AB6DF3001F6EF4 /* CreateSetPageController.swift */ = {isa = PBXFileReference; lastKnownFileType = sourcecode.swift; path = CreateSetPageController.swift; sourceTree = "<group>"; };
		665DD26621AB80B7001F6EF4 /* SetTitleCell.swift */ = {isa = PBXFileReference; lastKnownFileType = sourcecode.swift; path = SetTitleCell.swift; sourceTree = "<group>"; };
		665DD26821AB8750001F6EF4 /* GlobalVar.swift */ = {isa = PBXFileReference; lastKnownFileType = sourcecode.swift; path = GlobalVar.swift; sourceTree = "<group>"; };
		CCE26F49C29A425E0D6CEF94 /* Pods-Workout Secretary.debug.xcconfig */ = {isa = PBXFileReference; includeInIndex = 1; lastKnownFileType = text.xcconfig; name = "Pods-Workout Secretary.debug.xcconfig"; path = "Pods/Target Support Files/Pods-Workout Secretary/Pods-Workout Secretary.debug.xcconfig"; sourceTree = "<group>"; };
		DEA7D39B23C0BB1582FA1569 /* Pods_Workout_Secretary.framework */ = {isa = PBXFileReference; explicitFileType = wrapper.framework; includeInIndex = 0; path = Pods_Workout_Secretary.framework; sourceTree = BUILT_PRODUCTS_DIR; };
		FBF6D1D48C6F0DDE1ADDF81F /* Pods-Workout Secretary.release.xcconfig */ = {isa = PBXFileReference; includeInIndex = 1; lastKnownFileType = text.xcconfig; name = "Pods-Workout Secretary.release.xcconfig"; path = "Pods/Target Support Files/Pods-Workout Secretary/Pods-Workout Secretary.release.xcconfig"; sourceTree = "<group>"; };
/* End PBXFileReference section */

/* Begin PBXFrameworksBuildPhase section */
		665DD22E21AA6E00001F6EF4 /* Frameworks */ = {
			isa = PBXFrameworksBuildPhase;
			buildActionMask = 2147483647;
			files = (
				EDAB9418039B54BA70E763F2 /* Pods_Workout_Secretary.framework in Frameworks */,
			);
			runOnlyForDeploymentPostprocessing = 0;
		};
/* End PBXFrameworksBuildPhase section */

/* Begin PBXGroup section */
		14E7A25831C35308A5A3FD54 /* Pods */ = {
			isa = PBXGroup;
			children = (
				CCE26F49C29A425E0D6CEF94 /* Pods-Workout Secretary.debug.xcconfig */,
				FBF6D1D48C6F0DDE1ADDF81F /* Pods-Workout Secretary.release.xcconfig */,
			);
			name = Pods;
			sourceTree = "<group>";
		};
		3DF88C7D3E68BA1EACC8E551 /* Frameworks */ = {
			isa = PBXGroup;
			children = (
				DEA7D39B23C0BB1582FA1569 /* Pods_Workout_Secretary.framework */,
			);
			name = Frameworks;
			sourceTree = "<group>";
		};
		665DD22821AA6E00001F6EF4 = {
			isa = PBXGroup;
			children = (
				665DD23321AA6E01001F6EF4 /* Workout Secretary */,
				665DD25F21AA7F4E001F6EF4 /* Supporting files */,
				665DD23221AA6E01001F6EF4 /* Products */,
				14E7A25831C35308A5A3FD54 /* Pods */,
				3DF88C7D3E68BA1EACC8E551 /* Frameworks */,
			);
			sourceTree = "<group>";
		};
		665DD23221AA6E01001F6EF4 /* Products */ = {
			isa = PBXGroup;
			children = (
				665DD23121AA6E01001F6EF4 /* Workout Secretary.app */,
			);
			name = Products;
			sourceTree = "<group>";
		};
		665DD23321AA6E01001F6EF4 /* Workout Secretary */ = {
			isa = PBXGroup;
			children = (
				665DD24321AA6E04001F6EF4 /* Info.plist */,
				665DD24A21AA701B001F6EF4 /* Controllers */,
				665DD24921AA6FF6001F6EF4 /* Views */,
				665DD26A21AB8757001F6EF4 /* Model */,
			);
			path = "Workout Secretary";
			sourceTree = "<group>";
		};
		665DD24921AA6FF6001F6EF4 /* Views */ = {
			isa = PBXGroup;
			children = (
				665DD25D21AA7F2D001F6EF4 /* SetCell.swift */,
				665DD26221AAA8A5001F6EF4 /* AddSetCell.swift */,
				665DD26621AB80B7001F6EF4 /* SetTitleCell.swift */,
				662EFB8421B8F47300BB965D /* IconCell.swift */,
			);
			path = Views;
			sourceTree = "<group>";
		};
		665DD24A21AA701B001F6EF4 /* Controllers */ = {
			isa = PBXGroup;
			children = (
				665DD23421AA6E01001F6EF4 /* AppDelegate.swift */,
				665DD24B21AA7105001F6EF4 /* TabBarController.swift */,
				665DD24D21AA71F4001F6EF4 /* WorkoutPageController.swift */,
				665DD25B21AA7DFD001F6EF4 /* SetPageController.swift */,
				665DD25121AA726F001F6EF4 /* ThirdPageController.swift */,
				665DD25321AA727D001F6EF4 /* FourthPageViewController.swift */,
				665DD26421AB6DF3001F6EF4 /* CreateSetPageController.swift */,
				662EFB8021B8EBE000BB965D /* WorkoutModeController.swift */,
				662EFB8221B8EDD300BB965D /* SelectionListController.swift */,
				662EFB8821B8FACD00BB965D /* ChooseIconPageController.swift */,
			);
			path = Controllers;
			sourceTree = "<group>";
		};
		665DD25F21AA7F4E001F6EF4 /* Supporting files */ = {
			isa = PBXGroup;
			children = (
				665DD23821AA6E01001F6EF4 /* Main.storyboard */,
				665DD24021AA6E04001F6EF4 /* LaunchScreen.storyboard */,
				665DD23E21AA6E04001F6EF4 /* Assets.xcassets */,
				665DD23B21AA6E01001F6EF4 /* Workout_Secretary.xcdatamodeld */,
			);
			path = "Supporting files";
			sourceTree = "<group>";
		};
		665DD26A21AB8757001F6EF4 /* Model */ = {
			isa = PBXGroup;
			children = (
				665DD26821AB8750001F6EF4 /* GlobalVar.swift */,
			);
			path = Model;
			sourceTree = "<group>";
		};
/* End PBXGroup section */

/* Begin PBXNativeTarget section */
		665DD23021AA6E00001F6EF4 /* Workout Secretary */ = {
			isa = PBXNativeTarget;
			buildConfigurationList = 665DD24621AA6E04001F6EF4 /* Build configuration list for PBXNativeTarget "Workout Secretary" */;
			buildPhases = (
				0D82F474C4786A729FB5A60A /* [CP] Check Pods Manifest.lock */,
				665DD22D21AA6E00001F6EF4 /* Sources */,
				665DD22E21AA6E00001F6EF4 /* Frameworks */,
				665DD22F21AA6E00001F6EF4 /* Resources */,
				64BAFF5D2F9D4C629392AF61 /* [CP] Embed Pods Frameworks */,
			);
			buildRules = (
			);
			dependencies = (
			);
			name = "Workout Secretary";
			productName = "Workout Secretary";
			productReference = 665DD23121AA6E01001F6EF4 /* Workout Secretary.app */;
			productType = "com.apple.product-type.application";
		};
/* End PBXNativeTarget section */

/* Begin PBXProject section */
		665DD22921AA6E00001F6EF4 /* Project object */ = {
			isa = PBXProject;
			attributes = {
				LastSwiftUpdateCheck = 1010;
				LastUpgradeCheck = 1010;
				ORGANIZATIONNAME = "utopia incubator";
				TargetAttributes = {
					665DD23021AA6E00001F6EF4 = {
						CreatedOnToolsVersion = 10.1;
					};
				};
			};
			buildConfigurationList = 665DD22C21AA6E00001F6EF4 /* Build configuration list for PBXProject "Workout Secretary" */;
			compatibilityVersion = "Xcode 9.3";
			developmentRegion = en;
			hasScannedForEncodings = 0;
			knownRegions = (
				en,
				Base,
			);
			mainGroup = 665DD22821AA6E00001F6EF4;
			productRefGroup = 665DD23221AA6E01001F6EF4 /* Products */;
			projectDirPath = "";
			projectRoot = "";
			targets = (
				665DD23021AA6E00001F6EF4 /* Workout Secretary */,
			);
		};
/* End PBXProject section */

/* Begin PBXResourcesBuildPhase section */
		665DD22F21AA6E00001F6EF4 /* Resources */ = {
			isa = PBXResourcesBuildPhase;
			buildActionMask = 2147483647;
			files = (
				665DD24221AA6E04001F6EF4 /* LaunchScreen.storyboard in Resources */,
				665DD23F21AA6E04001F6EF4 /* Assets.xcassets in Resources */,
				665DD23A21AA6E01001F6EF4 /* Main.storyboard in Resources */,
			);
			runOnlyForDeploymentPostprocessing = 0;
		};
/* End PBXResourcesBuildPhase section */

/* Begin PBXShellScriptBuildPhase section */
		0D82F474C4786A729FB5A60A /* [CP] Check Pods Manifest.lock */ = {
			isa = PBXShellScriptBuildPhase;
			buildActionMask = 2147483647;
			files = (
			);
			inputPaths = (
				"${PODS_PODFILE_DIR_PATH}/Podfile.lock",
				"${PODS_ROOT}/Manifest.lock",
			);
			name = "[CP] Check Pods Manifest.lock";
			outputPaths = (
				"$(DERIVED_FILE_DIR)/Pods-Workout Secretary-checkManifestLockResult.txt",
			);
			runOnlyForDeploymentPostprocessing = 0;
			shellPath = /bin/sh;
			shellScript = "diff \"${PODS_PODFILE_DIR_PATH}/Podfile.lock\" \"${PODS_ROOT}/Manifest.lock\" > /dev/null\nif [ $? != 0 ] ; then\n    # print error to STDERR\n    echo \"error: The sandbox is not in sync with the Podfile.lock. Run 'pod install' or update your CocoaPods installation.\" >&2\n    exit 1\nfi\n# This output is used by Xcode 'outputs' to avoid re-running this script phase.\necho \"SUCCESS\" > \"${SCRIPT_OUTPUT_FILE_0}\"\n";
			showEnvVarsInLog = 0;
		};
		64BAFF5D2F9D4C629392AF61 /* [CP] Embed Pods Frameworks */ = {
			isa = PBXShellScriptBuildPhase;
			buildActionMask = 2147483647;
			files = (
			);
			inputPaths = (
				"${SRCROOT}/Pods/Target Support Files/Pods-Workout Secretary/Pods-Workout Secretary-frameworks.sh",
				"${BUILT_PRODUCTS_DIR}/SnapKit/SnapKit.framework",
			);
			name = "[CP] Embed Pods Frameworks";
			outputPaths = (
				"${TARGET_BUILD_DIR}/${FRAMEWORKS_FOLDER_PATH}/SnapKit.framework",
			);
			runOnlyForDeploymentPostprocessing = 0;
			shellPath = /bin/sh;
			shellScript = "\"${SRCROOT}/Pods/Target Support Files/Pods-Workout Secretary/Pods-Workout Secretary-frameworks.sh\"\n";
			showEnvVarsInLog = 0;
		};
/* End PBXShellScriptBuildPhase section */

/* Begin PBXSourcesBuildPhase section */
		665DD22D21AA6E00001F6EF4 /* Sources */ = {
			isa = PBXSourcesBuildPhase;
			buildActionMask = 2147483647;
			files = (
				665DD24C21AA7105001F6EF4 /* TabBarController.swift in Sources */,
				665DD26521AB6DF3001F6EF4 /* CreateSetPageController.swift in Sources */,
				662EFB8521B8F47300BB965D /* IconCell.swift in Sources */,
				665DD25C21AA7DFD001F6EF4 /* SetPageController.swift in Sources */,
				662EFB8921B8FACD00BB965D /* ChooseIconPageController.swift in Sources */,
				665DD25221AA726F001F6EF4 /* ThirdPageController.swift in Sources */,
				662EFB8121B8EBE000BB965D /* WorkoutModeController.swift in Sources */,
				665DD26921AB8750001F6EF4 /* GlobalVar.swift in Sources */,
				665DD23D21AA6E01001F6EF4 /* Workout_Secretary.xcdatamodeld in Sources */,
				665DD25E21AA7F2D001F6EF4 /* SetCell.swift in Sources */,
				665DD24E21AA71F4001F6EF4 /* WorkoutPageController.swift in Sources */,
				665DD23521AA6E01001F6EF4 /* AppDelegate.swift in Sources */,
				665DD26721AB80B7001F6EF4 /* SetTitleCell.swift in Sources */,
				665DD25421AA727D001F6EF4 /* FourthPageViewController.swift in Sources */,
				662EFB8321B8EDD300BB965D /* SelectionListController.swift in Sources */,
				665DD26321AAA8A5001F6EF4 /* AddSetCell.swift in Sources */,
			);
			runOnlyForDeploymentPostprocessing = 0;
		};
/* End PBXSourcesBuildPhase section */

/* Begin PBXVariantGroup section */
		665DD23821AA6E01001F6EF4 /* Main.storyboard */ = {
			isa = PBXVariantGroup;
			children = (
				665DD23921AA6E01001F6EF4 /* Base */,
			);
			name = Main.storyboard;
			sourceTree = "<group>";
		};
		665DD24021AA6E04001F6EF4 /* LaunchScreen.storyboard */ = {
			isa = PBXVariantGroup;
			children = (
				665DD24121AA6E04001F6EF4 /* Base */,
			);
			name = LaunchScreen.storyboard;
			sourceTree = "<group>";
		};
/* End PBXVariantGroup section */

/* Begin XCBuildConfiguration section */
		665DD24421AA6E04001F6EF4 /* Debug */ = {
			isa = XCBuildConfiguration;
			buildSettings = {
				ALWAYS_SEARCH_USER_PATHS = NO;
				CLANG_ANALYZER_NONNULL = YES;
				CLANG_ANALYZER_NUMBER_OBJECT_CONVERSION = YES_AGGRESSIVE;
				CLANG_CXX_LANGUAGE_STANDARD = "gnu++14";
				CLANG_CXX_LIBRARY = "libc++";
				CLANG_ENABLE_MODULES = YES;
				CLANG_ENABLE_OBJC_ARC = YES;
				CLANG_ENABLE_OBJC_WEAK = YES;
				CLANG_WARN_BLOCK_CAPTURE_AUTORELEASING = YES;
				CLANG_WARN_BOOL_CONVERSION = YES;
				CLANG_WARN_COMMA = YES;
				CLANG_WARN_CONSTANT_CONVERSION = YES;
				CLANG_WARN_DEPRECATED_OBJC_IMPLEMENTATIONS = YES;
				CLANG_WARN_DIRECT_OBJC_ISA_USAGE = YES_ERROR;
				CLANG_WARN_DOCUMENTATION_COMMENTS = YES;
				CLANG_WARN_EMPTY_BODY = YES;
				CLANG_WARN_ENUM_CONVERSION = YES;
				CLANG_WARN_INFINITE_RECURSION = YES;
				CLANG_WARN_INT_CONVERSION = YES;
				CLANG_WARN_NON_LITERAL_NULL_CONVERSION = YES;
				CLANG_WARN_OBJC_IMPLICIT_RETAIN_SELF = YES;
				CLANG_WARN_OBJC_LITERAL_CONVERSION = YES;
				CLANG_WARN_OBJC_ROOT_CLASS = YES_ERROR;
				CLANG_WARN_RANGE_LOOP_ANALYSIS = YES;
				CLANG_WARN_STRICT_PROTOTYPES = YES;
				CLANG_WARN_SUSPICIOUS_MOVE = YES;
				CLANG_WARN_UNGUARDED_AVAILABILITY = YES_AGGRESSIVE;
				CLANG_WARN_UNREACHABLE_CODE = YES;
				CLANG_WARN__DUPLICATE_METHOD_MATCH = YES;
				CODE_SIGN_IDENTITY = "iPhone Developer";
				COPY_PHASE_STRIP = NO;
				DEBUG_INFORMATION_FORMAT = dwarf;
				ENABLE_STRICT_OBJC_MSGSEND = YES;
				ENABLE_TESTABILITY = YES;
				GCC_C_LANGUAGE_STANDARD = gnu11;
				GCC_DYNAMIC_NO_PIC = NO;
				GCC_NO_COMMON_BLOCKS = YES;
				GCC_OPTIMIZATION_LEVEL = 0;
				GCC_PREPROCESSOR_DEFINITIONS = (
					"DEBUG=1",
					"$(inherited)",
				);
				GCC_WARN_64_TO_32_BIT_CONVERSION = YES;
				GCC_WARN_ABOUT_RETURN_TYPE = YES_ERROR;
				GCC_WARN_UNDECLARED_SELECTOR = YES;
				GCC_WARN_UNINITIALIZED_AUTOS = YES_AGGRESSIVE;
				GCC_WARN_UNUSED_FUNCTION = YES;
				GCC_WARN_UNUSED_VARIABLE = YES;
				IPHONEOS_DEPLOYMENT_TARGET = 12.1;
				MTL_ENABLE_DEBUG_INFO = INCLUDE_SOURCE;
				MTL_FAST_MATH = YES;
				ONLY_ACTIVE_ARCH = YES;
				SDKROOT = iphoneos;
				SWIFT_ACTIVE_COMPILATION_CONDITIONS = DEBUG;
				SWIFT_OPTIMIZATION_LEVEL = "-Onone";
			};
			name = Debug;
		};
		665DD24521AA6E04001F6EF4 /* Release */ = {
			isa = XCBuildConfiguration;
			buildSettings = {
				ALWAYS_SEARCH_USER_PATHS = NO;
				CLANG_ANALYZER_NONNULL = YES;
				CLANG_ANALYZER_NUMBER_OBJECT_CONVERSION = YES_AGGRESSIVE;
				CLANG_CXX_LANGUAGE_STANDARD = "gnu++14";
				CLANG_CXX_LIBRARY = "libc++";
				CLANG_ENABLE_MODULES = YES;
				CLANG_ENABLE_OBJC_ARC = YES;
				CLANG_ENABLE_OBJC_WEAK = YES;
				CLANG_WARN_BLOCK_CAPTURE_AUTORELEASING = YES;
				CLANG_WARN_BOOL_CONVERSION = YES;
				CLANG_WARN_COMMA = YES;
				CLANG_WARN_CONSTANT_CONVERSION = YES;
				CLANG_WARN_DEPRECATED_OBJC_IMPLEMENTATIONS = YES;
				CLANG_WARN_DIRECT_OBJC_ISA_USAGE = YES_ERROR;
				CLANG_WARN_DOCUMENTATION_COMMENTS = YES;
				CLANG_WARN_EMPTY_BODY = YES;
				CLANG_WARN_ENUM_CONVERSION = YES;
				CLANG_WARN_INFINITE_RECURSION = YES;
				CLANG_WARN_INT_CONVERSION = YES;
				CLANG_WARN_NON_LITERAL_NULL_CONVERSION = YES;
				CLANG_WARN_OBJC_IMPLICIT_RETAIN_SELF = YES;
				CLANG_WARN_OBJC_LITERAL_CONVERSION = YES;
				CLANG_WARN_OBJC_ROOT_CLASS = YES_ERROR;
				CLANG_WARN_RANGE_LOOP_ANALYSIS = YES;
				CLANG_WARN_STRICT_PROTOTYPES = YES;
				CLANG_WARN_SUSPICIOUS_MOVE = YES;
				CLANG_WARN_UNGUARDED_AVAILABILITY = YES_AGGRESSIVE;
				CLANG_WARN_UNREACHABLE_CODE = YES;
				CLANG_WARN__DUPLICATE_METHOD_MATCH = YES;
				CODE_SIGN_IDENTITY = "iPhone Developer";
				COPY_PHASE_STRIP = NO;
				DEBUG_INFORMATION_FORMAT = "dwarf-with-dsym";
				ENABLE_NS_ASSERTIONS = NO;
				ENABLE_STRICT_OBJC_MSGSEND = YES;
				GCC_C_LANGUAGE_STANDARD = gnu11;
				GCC_NO_COMMON_BLOCKS = YES;
				GCC_WARN_64_TO_32_BIT_CONVERSION = YES;
				GCC_WARN_ABOUT_RETURN_TYPE = YES_ERROR;
				GCC_WARN_UNDECLARED_SELECTOR = YES;
				GCC_WARN_UNINITIALIZED_AUTOS = YES_AGGRESSIVE;
				GCC_WARN_UNUSED_FUNCTION = YES;
				GCC_WARN_UNUSED_VARIABLE = YES;
				IPHONEOS_DEPLOYMENT_TARGET = 12.1;
				MTL_ENABLE_DEBUG_INFO = NO;
				MTL_FAST_MATH = YES;
				SDKROOT = iphoneos;
				SWIFT_COMPILATION_MODE = wholemodule;
				SWIFT_OPTIMIZATION_LEVEL = "-O";
				VALIDATE_PRODUCT = YES;
			};
			name = Release;
		};
		665DD24721AA6E04001F6EF4 /* Debug */ = {
			isa = XCBuildConfiguration;
			baseConfigurationReference = CCE26F49C29A425E0D6CEF94 /* Pods-Workout Secretary.debug.xcconfig */;
			buildSettings = {
				ASSETCATALOG_COMPILER_APPICON_NAME = AppIcon;
				CODE_SIGN_STYLE = Automatic;
				DEVELOPMENT_TEAM = 3434CZ5U2F;
				INFOPLIST_FILE = "Workout Secretary/Info.plist";
				IPHONEOS_DEPLOYMENT_TARGET = 12.0;
				LD_RUNPATH_SEARCH_PATHS = (
					"$(inherited)",
					"@executable_path/Frameworks",
				);
				PRODUCT_BUNDLE_IDENTIFIER = "utopia-incubator.Workout-Secretary";
				PRODUCT_NAME = "$(TARGET_NAME)";
				SWIFT_VERSION = 4.2;
				TARGETED_DEVICE_FAMILY = "1,2";
			};
			name = Debug;
		};
		665DD24821AA6E04001F6EF4 /* Release */ = {
			isa = XCBuildConfiguration;
			baseConfigurationReference = FBF6D1D48C6F0DDE1ADDF81F /* Pods-Workout Secretary.release.xcconfig */;
			buildSettings = {
				ASSETCATALOG_COMPILER_APPICON_NAME = AppIcon;
				CODE_SIGN_STYLE = Automatic;
				DEVELOPMENT_TEAM = 3434CZ5U2F;
				INFOPLIST_FILE = "Workout Secretary/Info.plist";
				IPHONEOS_DEPLOYMENT_TARGET = 12.0;
				LD_RUNPATH_SEARCH_PATHS = (
					"$(inherited)",
					"@executable_path/Frameworks",
				);
				PRODUCT_BUNDLE_IDENTIFIER = "utopia-incubator.Workout-Secretary";
				PRODUCT_NAME = "$(TARGET_NAME)";
				SWIFT_VERSION = 4.2;
				TARGETED_DEVICE_FAMILY = "1,2";
			};
			name = Release;
		};
/* End XCBuildConfiguration section */

/* Begin XCConfigurationList section */
		665DD22C21AA6E00001F6EF4 /* Build configuration list for PBXProject "Workout Secretary" */ = {
			isa = XCConfigurationList;
			buildConfigurations = (
				665DD24421AA6E04001F6EF4 /* Debug */,
				665DD24521AA6E04001F6EF4 /* Release */,
			);
			defaultConfigurationIsVisible = 0;
			defaultConfigurationName = Release;
		};
		665DD24621AA6E04001F6EF4 /* Build configuration list for PBXNativeTarget "Workout Secretary" */ = {
			isa = XCConfigurationList;
			buildConfigurations = (
				665DD24721AA6E04001F6EF4 /* Debug */,
				665DD24821AA6E04001F6EF4 /* Release */,
			);
			defaultConfigurationIsVisible = 0;
			defaultConfigurationName = Release;
		};
/* End XCConfigurationList section */

/* Begin XCVersionGroup section */
		665DD23B21AA6E01001F6EF4 /* Workout_Secretary.xcdatamodeld */ = {
			isa = XCVersionGroup;
			children = (
				665DD23C21AA6E01001F6EF4 /* Workout_Secretary.xcdatamodel */,
			);
			currentVersion = 665DD23C21AA6E01001F6EF4 /* Workout_Secretary.xcdatamodel */;
			path = Workout_Secretary.xcdatamodeld;
			sourceTree = "<group>";
			versionGroupType = wrapper.xcdatamodel;
		};
/* End XCVersionGroup section */
	};
	rootObject = 665DD22921AA6E00001F6EF4 /* Project object */;
}
